{
    "name": "campaign_server",
    "lockfileVersion": 2,
    "requires": true,
    "packages": {
        "": {
            "dependencies": {
                "ai-arena": "^1.0.17",
                "node-beanstalk": "^1.6.8",
                "uuid": "^9.0.0",
                "ws": "^8.8.1"
            }
        },
        "node_modules/ai-arena": {
            "version": "1.0.17",
            "resolved": "https://registry.npmjs.org/ai-arena/-/ai-arena-1.0.17.tgz",
            "integrity": "sha512-vckulS2S1rB+wOeZo0zfTCmCjerHPmmCmfJtqJ628JzYjTrBb6AXjo8MScFXtoSGikk9SklHoZiTkRo8gvO8Hw=="
        },
        "node_modules/node-beanstalk": {
            "version": "1.6.8",
            "resolved": "https://registry.npmjs.org/node-beanstalk/-/node-beanstalk-1.6.8.tgz",
            "integrity": "sha512-PBRpi32XoICCnXX7RIRvTLDSvPpDudSCOMqDaNngPu55G3gqgQTLtYLdOHy6Giuh96YpJM+2owStVvzL/v4ygg==",
            "dependencies": {
                "js-yaml": "^4.1.0"
            }
        },
        "node_modules/node-beanstalk/node_modules/argparse": {
            "version": "2.0.1",
            "resolved": "https://registry.npmjs.org/argparse/-/argparse-2.0.1.tgz",
            "integrity": "sha512-8+9WqebbFzpX9OR+Wa6O29asIogeRMzcGtAINdpMHHyAg10f05aSFVBbcEqGf/PXw1EjAZ+q2/bEBg3DvurK3Q=="
        },
        "node_modules/node-beanstalk/node_modules/js-yaml": {
            "version": "4.1.0",
            "resolved": "https://registry.npmjs.org/js-yaml/-/js-yaml-4.1.0.tgz",
            "integrity": "sha512-wpxZs9NoxZaJESJGIZTyDEaYpl0FKSA+FB9aJiyemKhMwkxQg63h4T1KJgUGHpTqPDNRcmmYLugrRjJlBtWvRA==",
            "dependencies": {
                "argparse": "^2.0.1"
            },
            "bin": {
                "js-yaml": "bin/js-yaml.js"
            }
        },
        "node_modules/uuid": {
            "version": "9.0.0",
            "resolved": "https://registry.npmjs.org/uuid/-/uuid-9.0.0.tgz",
            "integrity": "sha512-MXcSTerfPa4uqyzStbRoTgt5XIe3x5+42+q1sDuy3R5MDk66URdLMOZe5aPX/SQd+kuYAh0FdP/pO28IkQyTeg==",
            "bin": {
                "uuid": "dist/bin/uuid"
            }
        },
        "node_modules/ws": {
            "version": "8.12.1",
            "resolved": "https://registry.npmjs.org/ws/-/ws-8.12.1.tgz",
            "integrity": "sha512-1qo+M9Ba+xNhPB+YTWUlK6M17brTut5EXbcBaMRN5pH5dFrXz7lzz1ChFSUq3bOUl8yEvSenhHmYUNJxFzdJew==",
            "engines": {
                "node": ">=10.0.0"
            },
            "peerDependencies": {
                "bufferutil": "^4.0.1",
                "utf-8-validate": ">=5.0.2"
            },
            "peerDependenciesMeta": {
                "bufferutil": {
                    "optional": true
                },
                "utf-8-validate": {
                    "optional": true
                }
            }
        }
    },
    "dependencies": {
        "ai-arena": {
            "version": "1.0.17",
            "resolved": "https://registry.npmjs.org/ai-arena/-/ai-arena-1.0.17.tgz",
            "integrity": "sha512-vckulS2S1rB+wOeZo0zfTCmCjerHPmmCmfJtqJ628JzYjTrBb6AXjo8MScFXtoSGikk9SklHoZiTkRo8gvO8Hw=="
        },
        "node-beanstalk": {
            "version": "1.6.8",
            "resolved": "https://registry.npmjs.org/node-beanstalk/-/node-beanstalk-1.6.8.tgz",
            "integrity": "sha512-PBRpi32XoICCnXX7RIRvTLDSvPpDudSCOMqDaNngPu55G3gqgQTLtYLdOHy6Giuh96YpJM+2owStVvzL/v4ygg==",
            "requires": {
                "js-yaml": "^4.1.0"
            },
            "dependencies": {
                "argparse": {
                    "version": "2.0.1",
                    "resolved": "https://registry.npmjs.org/argparse/-/argparse-2.0.1.tgz",
                    "integrity": "sha512-8+9WqebbFzpX9OR+Wa6O29asIogeRMzcGtAINdpMHHyAg10f05aSFVBbcEqGf/PXw1EjAZ+q2/bEBg3DvurK3Q=="
                },
                "js-yaml": {
                    "version": "4.1.0",
                    "resolved": "https://registry.npmjs.org/js-yaml/-/js-yaml-4.1.0.tgz",
                    "integrity": "sha512-wpxZs9NoxZaJESJGIZTyDEaYpl0FKSA+FB9aJiyemKhMwkxQg63h4T1KJgUGHpTqPDNRcmmYLugrRjJlBtWvRA==",
                    "requires": {
                        "argparse": "^2.0.1"
                    }
                }
            }
        },
        "uuid": {
            "version": "9.0.0",
            "resolved": "https://registry.npmjs.org/uuid/-/uuid-9.0.0.tgz",
            "integrity": "sha512-MXcSTerfPa4uqyzStbRoTgt5XIe3x5+42+q1sDuy3R5MDk66URdLMOZe5aPX/SQd+kuYAh0FdP/pO28IkQyTeg=="
        },
        "ws": {
            "version": "8.12.1",
            "resolved": "https://registry.npmjs.org/ws/-/ws-8.12.1.tgz",
            "integrity": "sha512-1qo+M9Ba+xNhPB+YTWUlK6M17brTut5EXbcBaMRN5pH5dFrXz7lzz1ChFSUq3bOUl8yEvSenhHmYUNJxFzdJew==",
            "requires": {}
        }
    }
}
