{
    "name": "campaign_server",
    "lockfileVersion": 2,
    "requires": true,
    "packages": {
        "": {
            "dependencies": {
                "@supabase/supabase-js": "^2.8.0",
                "ai-arena-map-headless": "^1.0.10",
                "node-beanstalk": "^1.6.8",
                "seedrandom": "3.0.5",
                "three": "^0.150.0",
                "uuid": "^9.0.0",
                "ws": "^8.8.1"
            }
        },
        "node_modules/@babel/runtime": {
            "version": "7.21.0",
            "resolved": "https://registry.npmjs.org/@babel/runtime/-/runtime-7.21.0.tgz",
            "integrity": "sha512-xwII0//EObnq89Ji5AKYQaRYiW/nZ3llSv29d49IuxPhKbtJoLP+9QUUZ4nVragQVtaVGeZrpB+ZtG/Pdy/POw==",
            "dependencies": {
                "regenerator-runtime": "^0.13.11"
            },
            "engines": {
                "node": ">=6.9.0"
            }
        },
        "node_modules/@math.gl/core": {
            "version": "3.6.3",
            "resolved": "https://registry.npmjs.org/@math.gl/core/-/core-3.6.3.tgz",
            "integrity": "sha512-jBABmDkj5uuuE0dTDmwwss7Cup5ZwQ6Qb7h1pgvtkEutTrhkcv8SuItQNXmF45494yIHeoGue08NlyeY6wxq2A==",
            "dependencies": {
                "@babel/runtime": "^7.12.0",
                "@math.gl/types": "3.6.3",
                "gl-matrix": "^3.4.0"
            }
        },
        "node_modules/@math.gl/types": {
            "version": "3.6.3",
            "resolved": "https://registry.npmjs.org/@math.gl/types/-/types-3.6.3.tgz",
            "integrity": "sha512-3uWLVXHY3jQxsXCr/UCNPSc2BG0hNUljhmOBt9l+lNFDp7zHgm0cK2Tw4kj2XfkJy4TgwZTBGwRDQgWEbLbdTA=="
        },
        "node_modules/@supabase/functions-js": {
            "version": "2.0.0",
            "license": "MIT",
            "dependencies": {
                "cross-fetch": "^3.1.5"
            }
        },
        "node_modules/@supabase/gotrue-js": {
            "version": "2.12.1",
            "license": "MIT",
            "dependencies": {
                "cross-fetch": "^3.1.5"
            }
        },
        "node_modules/@supabase/postgrest-js": {
            "version": "1.4.1",
            "license": "MIT",
            "dependencies": {
                "cross-fetch": "^3.1.5"
            }
        },
        "node_modules/@supabase/realtime-js": {
            "version": "2.6.0",
            "license": "MIT",
            "dependencies": {
                "@types/phoenix": "^1.5.4",
                "websocket": "^1.0.34"
            }
        },
        "node_modules/@supabase/storage-js": {
            "version": "2.3.0",
            "license": "MIT",
            "dependencies": {
                "cross-fetch": "^3.1.5"
            }
        },
        "node_modules/@supabase/supabase-js": {
            "version": "2.8.0",
            "license": "MIT",
            "dependencies": {
                "@supabase/functions-js": "^2.0.0",
                "@supabase/gotrue-js": "^2.12.0",
                "@supabase/postgrest-js": "^1.1.1",
                "@supabase/realtime-js": "^2.4.0",
                "@supabase/storage-js": "^2.1.0",
                "cross-fetch": "^3.1.5"
            }
        },
        "node_modules/@types/phoenix": {
            "version": "1.5.5",
            "license": "MIT"
        },
        "node_modules/ai-arena-map-headless": {
            "version": "1.0.10",
            "resolved": "https://registry.npmjs.org/ai-arena-map-headless/-/ai-arena-map-headless-1.0.10.tgz",
            "integrity": "sha512-kkRPBSnEYjCjkfRvhJvBcEYbuD6hES8cUna9sfsBfOpZKhCNULsVt9/jLqsV51p7rvuQBrE8IN4y47AWIcInjw==",
            "dependencies": {
                "gl-matrix": "^3.4.3",
                "math.gl": "^3.6.3",
                "regenerator-runtime": "^0.13.11"
            }
        },
        "node_modules/bufferutil": {
            "version": "4.0.7",
            "hasInstallScript": true,
            "license": "MIT",
            "dependencies": {
                "node-gyp-build": "^4.3.0"
            },
            "engines": {
                "node": ">=6.14.2"
            }
        },
        "node_modules/cross-fetch": {
            "version": "3.1.5",
            "license": "MIT",
            "dependencies": {
                "node-fetch": "2.6.7"
            }
        },
        "node_modules/d": {
            "version": "1.0.1",
            "license": "ISC",
            "dependencies": {
                "es5-ext": "^0.10.50",
                "type": "^1.0.1"
            }
        },
        "node_modules/debug": {
            "version": "2.6.9",
            "license": "MIT",
            "dependencies": {
                "ms": "2.0.0"
            }
        },
        "node_modules/es5-ext": {
            "version": "0.10.62",
            "hasInstallScript": true,
            "license": "ISC",
            "dependencies": {
                "es6-iterator": "^2.0.3",
                "es6-symbol": "^3.1.3",
                "next-tick": "^1.1.0"
            },
            "engines": {
                "node": ">=0.10"
            }
        },
        "node_modules/es6-iterator": {
            "version": "2.0.3",
            "license": "MIT",
            "dependencies": {
                "d": "1",
                "es5-ext": "^0.10.35",
                "es6-symbol": "^3.1.1"
            }
        },
        "node_modules/es6-symbol": {
            "version": "3.1.3",
            "license": "ISC",
            "dependencies": {
                "d": "^1.0.1",
                "ext": "^1.1.2"
            }
        },
        "node_modules/ext": {
            "version": "1.7.0",
            "license": "ISC",
            "dependencies": {
                "type": "^2.7.2"
            }
        },
        "node_modules/ext/node_modules/type": {
            "version": "2.7.2",
            "license": "ISC"
        },
        "node_modules/gl-matrix": {
            "version": "3.4.3",
            "resolved": "https://registry.npmjs.org/gl-matrix/-/gl-matrix-3.4.3.tgz",
            "integrity": "sha512-wcCp8vu8FT22BnvKVPjXa/ICBWRq/zjFfdofZy1WSpQZpphblv12/bOQLBC1rMM7SGOFS9ltVmKOHil5+Ml7gA=="
        },
        "node_modules/is-typedarray": {
            "version": "1.0.0",
            "license": "MIT"
        },
        "node_modules/math.gl": {
            "version": "3.6.3",
            "resolved": "https://registry.npmjs.org/math.gl/-/math.gl-3.6.3.tgz",
            "integrity": "sha512-Yq9CyECvSDox9+5ETi2+x1bGTY5WvGUGL3rJfC4KPoCZAM51MGfrCm6rIn4yOJUVfMPs2a5RwMD+yGS/n1g3gg==",
            "dependencies": {
                "@math.gl/core": "3.6.3"
            }
        },
        "node_modules/ms": {
            "version": "2.0.0",
            "license": "MIT"
        },
        "node_modules/next-tick": {
            "version": "1.1.0",
            "license": "ISC"
        },
        "node_modules/node-beanstalk": {
            "version": "1.6.8",
            "license": "MIT",
            "dependencies": {
                "js-yaml": "^4.1.0"
            }
        },
        "node_modules/node-beanstalk/node_modules/argparse": {
            "version": "2.0.1",
            "license": "Python-2.0"
        },
        "node_modules/node-beanstalk/node_modules/js-yaml": {
            "version": "4.1.0",
            "license": "MIT",
            "dependencies": {
                "argparse": "^2.0.1"
            },
            "bin": {
                "js-yaml": "bin/js-yaml.js"
            }
        },
        "node_modules/node-fetch": {
            "version": "2.6.7",
            "license": "MIT",
            "dependencies": {
                "whatwg-url": "^5.0.0"
            },
            "engines": {
                "node": "4.x || >=6.0.0"
            },
            "peerDependencies": {
                "encoding": "^0.1.0"
            },
            "peerDependenciesMeta": {
                "encoding": {
                    "optional": true
                }
            }
        },
        "node_modules/node-gyp-build": {
            "version": "4.6.0",
            "license": "MIT",
            "bin": {
                "node-gyp-build": "bin.js",
                "node-gyp-build-optional": "optional.js",
                "node-gyp-build-test": "build-test.js"
            }
        },
        "node_modules/regenerator-runtime": {
            "version": "0.13.11",
            "resolved": "https://registry.npmjs.org/regenerator-runtime/-/regenerator-runtime-0.13.11.tgz",
            "integrity": "sha512-kY1AZVr2Ra+t+piVaJ4gxaFaReZVH40AKNo7UCX6W+dEwBo/2oZJzqfuN1qLq1oL45o56cPaTXELwrTh8Fpggg=="
        },
        "node_modules/seedrandom": {
            "version": "3.0.5",
            "resolved": "https://registry.npmjs.org/seedrandom/-/seedrandom-3.0.5.tgz",
            "integrity": "sha512-8OwmbklUNzwezjGInmZ+2clQmExQPvomqjL7LFqOYqtmuxRgQYqOD3mHaU+MvZn5FLUeVxVfQjwLZW/n/JFuqg=="
        },
        "node_modules/three": {
            "version": "0.150.0",
            "resolved": "https://registry.npmjs.org/three/-/three-0.150.0.tgz",
            "integrity": "sha512-12oqqBZom9fb5HtX3rD8qPVnamojuiN5Os7r0x8s3HQ+WHRwnEyzl2XU3aEKocsDkG++rkE9+HWzx77O59NXtw=="
        },
        "node_modules/tr46": {
            "version": "0.0.3",
            "license": "MIT"
        },
        "node_modules/type": {
            "version": "1.2.0",
            "license": "ISC"
        },
        "node_modules/typedarray-to-buffer": {
            "version": "3.1.5",
            "license": "MIT",
            "dependencies": {
                "is-typedarray": "^1.0.0"
            }
        },
        "node_modules/utf-8-validate": {
            "version": "5.0.10",
            "hasInstallScript": true,
            "license": "MIT",
            "dependencies": {
                "node-gyp-build": "^4.3.0"
            },
            "engines": {
                "node": ">=6.14.2"
            }
        },
        "node_modules/uuid": {
            "version": "9.0.0",
            "license": "MIT",
            "bin": {
                "uuid": "dist/bin/uuid"
            }
        },
        "node_modules/webidl-conversions": {
            "version": "3.0.1",
            "license": "BSD-2-Clause"
        },
        "node_modules/websocket": {
            "version": "1.0.34",
            "license": "Apache-2.0",
            "dependencies": {
                "bufferutil": "^4.0.1",
                "debug": "^2.2.0",
                "es5-ext": "^0.10.50",
                "typedarray-to-buffer": "^3.1.5",
                "utf-8-validate": "^5.0.2",
                "yaeti": "^0.0.6"
            },
            "engines": {
                "node": ">=4.0.0"
            }
        },
        "node_modules/whatwg-url": {
            "version": "5.0.0",
            "license": "MIT",
            "dependencies": {
                "tr46": "~0.0.3",
                "webidl-conversions": "^3.0.0"
            }
        },
        "node_modules/ws": {
            "version": "8.12.1",
            "license": "MIT",
            "engines": {
                "node": ">=10.0.0"
            },
            "peerDependencies": {
                "bufferutil": "^4.0.1",
                "utf-8-validate": ">=5.0.2"
            },
            "peerDependenciesMeta": {
                "bufferutil": {
                    "optional": true
                },
                "utf-8-validate": {
                    "optional": true
                }
            }
        },
        "node_modules/yaeti": {
            "version": "0.0.6",
            "license": "MIT",
            "engines": {
                "node": ">=0.10.32"
            }
        }
    },
    "dependencies": {
        "@babel/runtime": {
            "version": "7.21.0",
            "resolved": "https://registry.npmjs.org/@babel/runtime/-/runtime-7.21.0.tgz",
            "integrity": "sha512-xwII0//EObnq89Ji5AKYQaRYiW/nZ3llSv29d49IuxPhKbtJoLP+9QUUZ4nVragQVtaVGeZrpB+ZtG/Pdy/POw==",
            "requires": {
                "regenerator-runtime": "^0.13.11"
            }
        },
        "@math.gl/core": {
            "version": "3.6.3",
            "resolved": "https://registry.npmjs.org/@math.gl/core/-/core-3.6.3.tgz",
            "integrity": "sha512-jBABmDkj5uuuE0dTDmwwss7Cup5ZwQ6Qb7h1pgvtkEutTrhkcv8SuItQNXmF45494yIHeoGue08NlyeY6wxq2A==",
            "requires": {
                "@babel/runtime": "^7.12.0",
                "@math.gl/types": "3.6.3",
                "gl-matrix": "^3.4.0"
            }
        },
        "@math.gl/types": {
            "version": "3.6.3",
            "resolved": "https://registry.npmjs.org/@math.gl/types/-/types-3.6.3.tgz",
            "integrity": "sha512-3uWLVXHY3jQxsXCr/UCNPSc2BG0hNUljhmOBt9l+lNFDp7zHgm0cK2Tw4kj2XfkJy4TgwZTBGwRDQgWEbLbdTA=="
        },
        "@supabase/functions-js": {
            "version": "2.0.0",
            "requires": {
                "cross-fetch": "^3.1.5"
            }
        },
        "@supabase/gotrue-js": {
            "version": "2.12.1",
            "requires": {
                "cross-fetch": "^3.1.5"
            }
        },
        "@supabase/postgrest-js": {
            "version": "1.4.1",
            "requires": {
                "cross-fetch": "^3.1.5"
            }
        },
        "@supabase/realtime-js": {
            "version": "2.6.0",
            "requires": {
                "@types/phoenix": "^1.5.4",
                "websocket": "^1.0.34"
            }
        },
        "@supabase/storage-js": {
            "version": "2.3.0",
            "requires": {
                "cross-fetch": "^3.1.5"
            }
        },
        "@supabase/supabase-js": {
            "version": "2.8.0",
            "requires": {
                "@supabase/functions-js": "^2.0.0",
                "@supabase/gotrue-js": "^2.12.0",
                "@supabase/postgrest-js": "^1.1.1",
                "@supabase/realtime-js": "^2.4.0",
                "@supabase/storage-js": "^2.1.0",
                "cross-fetch": "^3.1.5"
            }
        },
        "@types/phoenix": {
            "version": "1.5.5"
        },
        "ai-arena-map-headless": {
            "version": "1.0.10",
            "resolved": "https://registry.npmjs.org/ai-arena-map-headless/-/ai-arena-map-headless-1.0.10.tgz",
            "integrity": "sha512-kkRPBSnEYjCjkfRvhJvBcEYbuD6hES8cUna9sfsBfOpZKhCNULsVt9/jLqsV51p7rvuQBrE8IN4y47AWIcInjw==",
            "requires": {
                "gl-matrix": "^3.4.3",
                "math.gl": "^3.6.3",
                "regenerator-runtime": "^0.13.11"
            }
        },
        "bufferutil": {
            "version": "4.0.7",
            "requires": {
                "node-gyp-build": "^4.3.0"
            }
        },
        "cross-fetch": {
            "version": "3.1.5",
            "requires": {
                "node-fetch": "2.6.7"
            }
        },
        "d": {
            "version": "1.0.1",
            "requires": {
                "es5-ext": "^0.10.50",
                "type": "^1.0.1"
            }
        },
        "debug": {
            "version": "2.6.9",
            "requires": {
                "ms": "2.0.0"
            }
        },
        "es5-ext": {
            "version": "0.10.62",
            "requires": {
                "es6-iterator": "^2.0.3",
                "es6-symbol": "^3.1.3",
                "next-tick": "^1.1.0"
            }
        },
        "es6-iterator": {
            "version": "2.0.3",
            "requires": {
                "d": "1",
                "es5-ext": "^0.10.35",
                "es6-symbol": "^3.1.1"
            }
        },
        "es6-symbol": {
            "version": "3.1.3",
            "requires": {
                "d": "^1.0.1",
                "ext": "^1.1.2"
            }
        },
        "ext": {
            "version": "1.7.0",
            "requires": {
                "type": "^2.7.2"
            },
            "dependencies": {
                "type": {
                    "version": "2.7.2"
                }
            }
        },
        "gl-matrix": {
            "version": "3.4.3",
            "resolved": "https://registry.npmjs.org/gl-matrix/-/gl-matrix-3.4.3.tgz",
            "integrity": "sha512-wcCp8vu8FT22BnvKVPjXa/ICBWRq/zjFfdofZy1WSpQZpphblv12/bOQLBC1rMM7SGOFS9ltVmKOHil5+Ml7gA=="
        },
        "is-typedarray": {
            "version": "1.0.0"
        },
        "math.gl": {
            "version": "3.6.3",
            "resolved": "https://registry.npmjs.org/math.gl/-/math.gl-3.6.3.tgz",
            "integrity": "sha512-Yq9CyECvSDox9+5ETi2+x1bGTY5WvGUGL3rJfC4KPoCZAM51MGfrCm6rIn4yOJUVfMPs2a5RwMD+yGS/n1g3gg==",
            "requires": {
                "@math.gl/core": "3.6.3"
            }
        },
        "ms": {
            "version": "2.0.0"
        },
        "next-tick": {
            "version": "1.1.0"
        },
        "node-beanstalk": {
            "version": "1.6.8",
            "requires": {
                "js-yaml": "^4.1.0"
            },
            "dependencies": {
                "argparse": {
                    "version": "2.0.1"
                },
                "js-yaml": {
                    "version": "4.1.0",
                    "requires": {
                        "argparse": "^2.0.1"
                    }
                }
            }
        },
        "node-fetch": {
            "version": "2.6.7",
            "requires": {
                "whatwg-url": "^5.0.0"
            }
        },
        "node-gyp-build": {
            "version": "4.6.0"
        },
        "regenerator-runtime": {
            "version": "0.13.11",
            "resolved": "https://registry.npmjs.org/regenerator-runtime/-/regenerator-runtime-0.13.11.tgz",
            "integrity": "sha512-kY1AZVr2Ra+t+piVaJ4gxaFaReZVH40AKNo7UCX6W+dEwBo/2oZJzqfuN1qLq1oL45o56cPaTXELwrTh8Fpggg=="
        },
        "seedrandom": {
            "version": "3.0.5",
            "resolved": "https://registry.npmjs.org/seedrandom/-/seedrandom-3.0.5.tgz",
            "integrity": "sha512-8OwmbklUNzwezjGInmZ+2clQmExQPvomqjL7LFqOYqtmuxRgQYqOD3mHaU+MvZn5FLUeVxVfQjwLZW/n/JFuqg=="
        },
        "three": {
            "version": "0.150.0",
            "resolved": "https://registry.npmjs.org/three/-/three-0.150.0.tgz",
            "integrity": "sha512-12oqqBZom9fb5HtX3rD8qPVnamojuiN5Os7r0x8s3HQ+WHRwnEyzl2XU3aEKocsDkG++rkE9+HWzx77O59NXtw=="
        },
        "tr46": {
            "version": "0.0.3"
        },
        "type": {
            "version": "1.2.0"
        },
        "typedarray-to-buffer": {
            "version": "3.1.5",
            "requires": {
                "is-typedarray": "^1.0.0"
            }
        },
        "utf-8-validate": {
            "version": "5.0.10",
            "requires": {
                "node-gyp-build": "^4.3.0"
            }
        },
        "uuid": {
            "version": "9.0.0"
        },
        "webidl-conversions": {
            "version": "3.0.1"
        },
        "websocket": {
            "version": "1.0.34",
            "requires": {
                "bufferutil": "^4.0.1",
                "debug": "^2.2.0",
                "es5-ext": "^0.10.50",
                "typedarray-to-buffer": "^3.1.5",
                "utf-8-validate": "^5.0.2",
                "yaeti": "^0.0.6"
            }
        },
        "whatwg-url": {
            "version": "5.0.0",
            "requires": {
                "tr46": "~0.0.3",
                "webidl-conversions": "^3.0.0"
            }
        },
        "ws": {
            "version": "8.12.1",
            "requires": {}
        },
        "yaeti": {
            "version": "0.0.6"
        }
    }
}
